
Microsoft Visual Studio Solution File, Format Version 12.00
# Visual Studio Version 16
VisualStudioVersion = 16.0.30517.126
MinimumVisualStudioVersion = 10.0.40219.1
Project("{FAE04EC0-301F-11D3-BF4B-00C04F79EFBC}") = "ConstructorsInheritance", "ConstructorsInheritance\ConstructorsInheritance.csproj", "{4EF7A74D-D87C-41FB-8ACD-DE40C51D84E7}"
EndProject
Project("{FAE04EC0-301F-11D3-BF4B-00C04F79EFBC}") = "CompositionDemo", "CompositionDemo\CompositionDemo.csproj", "{C29888F4-1A83-456D-BB86-4025CB131418}"
EndProject
Project("{FAE04EC0-301F-11D3-BF4B-00C04F79EFBC}") = "MigratorDemo", "MigratorDemo\MigratorDemo.csproj", "{53F30481-9BE3-4FDB-B3CA-071423FDBF20}"
EndProject
Project("{FAE04EC0-301F-11D3-BF4B-00C04F79EFBC}") = "AbstractRevisited", "AbstractRevisited\AbstractRevisited.csproj", "{7ED6788F-4195-4F6F-ADD6-690283EBFAE5}"
EndProject
Project("{FAE04EC0-301F-11D3-BF4B-00C04F79EFBC}") = "InterfaceFirstDemo", "InterfaceFirstDemo\InterfaceFirstDemo.csproj", "{BF8E4083-9C0D-478C-921D-C7C74F28AD8F}"
EndProject
Global
	GlobalSection(SolutionConfigurationPlatforms) = preSolution
		Debug|Any CPU = Debug|Any CPU
		Release|Any CPU = Release|Any CPU
	EndGlobalSection
	GlobalSection(ProjectConfigurationPlatforms) = postSolution
		{4EF7A74D-D87C-41FB-8ACD-DE40C51D84E7}.Debug|Any CPU.ActiveCfg = Debug|Any CPU
		{4EF7A74D-D87C-41FB-8ACD-DE40C51D84E7}.Debug|Any CPU.Build.0 = Debug|Any CPU
		{4EF7A74D-D87C-41FB-8ACD-DE40C51D84E7}.Release|Any CPU.ActiveCfg = Release|Any CPU
		{4EF7A74D-D87C-41FB-8ACD-DE40C51D84E7}.Release|Any CPU.Build.0 = Release|Any CPU
		{C29888F4-1A83-456D-BB86-4025CB131418}.Debug|Any CPU.ActiveCfg = Debug|Any CPU
		{C29888F4-1A83-456D-BB86-4025CB131418}.Debug|Any CPU.Build.0 = Debug|Any CPU
		{C29888F4-1A83-456D-BB86-4025CB131418}.Release|Any CPU.ActiveCfg = Release|Any CPU
		{C29888F4-1A83-456D-BB86-4025CB131418}.Release|Any CPU.Build.0 = Release|Any CPU
		{53F30481-9BE3-4FDB-B3CA-071423FDBF20}.Debug|Any CPU.ActiveCfg = Debug|Any CPU
		{53F30481-9BE3-4FDB-B3CA-071423FDBF20}.Debug|Any CPU.Build.0 = Debug|Any CPU
		{53F30481-9BE3-4FDB-B3CA-071423FDBF20}.Release|Any CPU.ActiveCfg = Release|Any CPU
		{53F30481-9BE3-4FDB-B3CA-071423FDBF20}.Release|Any CPU.Build.0 = Release|Any CPU
		{7ED6788F-4195-4F6F-ADD6-690283EBFAE5}.Debug|Any CPU.ActiveCfg = Debug|Any CPU
		{7ED6788F-4195-4F6F-ADD6-690283EBFAE5}.Debug|Any CPU.Build.0 = Debug|Any CPU
		{7ED6788F-4195-4F6F-ADD6-690283EBFAE5}.Release|Any CPU.ActiveCfg = Release|Any CPU
		{7ED6788F-4195-4F6F-ADD6-690283EBFAE5}.Release|Any CPU.Build.0 = Release|Any CPU
		{BF8E4083-9C0D-478C-921D-C7C74F28AD8F}.Debug|Any CPU.ActiveCfg = Debug|Any CPU
		{BF8E4083-9C0D-478C-921D-C7C74F28AD8F}.Debug|Any CPU.Build.0 = Debug|Any CPU
		{BF8E4083-9C0D-478C-921D-C7C74F28AD8F}.Release|Any CPU.ActiveCfg = Release|Any CPU
		{BF8E4083-9C0D-478C-921D-C7C74F28AD8F}.Release|Any CPU.Build.0 = Release|Any CPU
	EndGlobalSection
	GlobalSection(SolutionProperties) = preSolution
		HideSolutionNode = FALSE
	EndGlobalSection
	GlobalSection(ExtensibilityGlobals) = postSolution
		SolutionGuid = {4C56BB7A-A344-46CD-888C-F88501B2727A}
	EndGlobalSection
EndGlobal
